
Microsoft Visual Studio Solution File, Format Version 12.00
# Visual Studio 14
VisualStudioVersion = 14.0.25123.0
MinimumVisualStudioVersion = 10.0.40219.1
Project("{FAE04EC0-301F-11D3-BF4B-00C04F79EFBC}") = "MasterDetail.Business", "MasterDetail.Business\MasterDetail.Business.csproj", "{85D460BE-999B-4465-83F3-C48042401A64}"
EndProject
Project("{FAE04EC0-301F-11D3-BF4B-00C04F79EFBC}") = "MasterDetail.UI", "MasterDetail.UI\MasterDetail.UI.csproj", "{075D9DC5-4925-4836-B6C0-C895E21C2A9C}"
EndProject
Global
	GlobalSection(SolutionConfigurationPlatforms) = preSolution
		Debug|Any CPU = Debug|Any CPU
		Release|Any CPU = Release|Any CPU
	EndGlobalSection
	GlobalSection(ProjectConfigurationPlatforms) = postSolution
		{85D460BE-999B-4465-83F3-C48042401A64}.Debug|Any CPU.ActiveCfg = Debug|Any CPU
		{85D460BE-999B-4465-83F3-C48042401A64}.Debug|Any CPU.Build.0 = Debug|Any CPU
		{85D460BE-999B-4465-83F3-C48042401A64}.Release|Any CPU.ActiveCfg = Release|Any CPU
		{85D460BE-999B-4465-83F3-C48042401A64}.Release|Any CPU.Build.0 = Release|Any CPU
		{075D9DC5-4925-4836-B6C0-C895E21C2A9C}.Debug|Any CPU.ActiveCfg = Debug|Any CPU
		{075D9DC5-4925-4836-B6C0-C895E21C2A9C}.Debug|Any CPU.Build.0 = Debug|Any CPU
		{075D9DC5-4925-4836-B6C0-C895E21C2A9C}.Release|Any CPU.ActiveCfg = Release|Any CPU
		{075D9DC5-4925-4836-B6C0-C895E21C2A9C}.Release|Any CPU.Build.0 = Release|Any CPU
	EndGlobalSection
	GlobalSection(SolutionProperties) = preSolution
		HideSolutionNode = FALSE
	EndGlobalSection
EndGlobal
